{
    "_meta": {
        "hash": {
            "sha256": "4bdf95e6d2b24155a19aa82e701b26302f7f3623d6cdca9e36f2d546ffe5bc2f"
        },
        "pipfile-spec": 6,
        "requires": {
            "python_version": ">=3.11"
        },
        "sources": [
            {
                "name": "pypi",
                "url": "https://pypi.org/simple",
                "verify_ssl": true
            }
        ]
    },
    "default": {
        "annotated-types": {
            "hashes": [
                "sha256:1f02e8b43a8fbbc3f3e0d4f0f4bfc8131bcb4eebe8849b8e5c773f3a1c582a53",
                "sha256:aff07c09a53a08bc8cfccb9c85b05f1aa9a2a6f23728d790723543408344ce89"
            ],
            "markers": "python_version >= '3.8'",
            "version": "==0.7.0"
        },
        "anyio": {
            "hashes": [
                "sha256:41cfcc3a4c85d3f05c932da7c26d0201ac36f72abd4435ba90d0464a3ffed703",
                "sha256:d405828884fc140aa80a3c667b8beed277f1dfedec42ba031bd6ac3db606ab6c"
            ],
            "markers": "python_version >= '3.9'",
            "version": "==4.12.1"
        },
        "asgiref": {
            "hashes": [
                "sha256:5f184dc43b7e763efe848065441eac62229c9f7b0475f41f80e207a114eda4ce",
                "sha256:e8667a091e69529631969fd45dc268fa79b99c92c5fcdda727757e52146ec133"
            ],
            "markers": "python_version >= '3.9'",
            "version": "==3.11.1"
        },
        "async-timeout": {
            "hashes": [
                "sha256:39e3809566ff85354557ec2398b55e096c8364bacac9405a7a1fa429e77fe76c",
                "sha256:d9321a7a3d5a6a5e187e824d2fa0793ce379a202935782d555d6e9d2735677d3"
            ],
            "markers": "python_full_version <= '3.11.2'",
            "version": "==5.0.1"
        },
        "captcha": {
            "hashes": [
                "sha256:148b2475be00a067b6173b7796cdc2332dbcb6fd4bfced1055bc8f69846bc924",
                "sha256:a5ead7679cd8477bc636524d54f50e092a4b6f3db4e52bb98a689593638d1772"
            ],
            "index": "pypi",
            "markers": "python_version >= '3.8'",
            "version": "==0.6.0"
        },
        "click": {
            "hashes": [
                "sha256:12ff4785d337a1bb490bb7e9c2b1ee5da3112e94a8622f26a6c77f5d2fc6842a",
                "sha256:981153a64e25f12d547d3426c367a4857371575ee7ad18df2a6183ab0545b2a6"
            ],
            "markers": "python_version >= '3.10'",
            "version": "==8.3.1"
        },
        "colorama": {
            "hashes": [
                "sha256:08695f5cb7ed6e0531a20572697297273c47b8cae5a63ffc6d6ed5c201be6e44",
                "sha256:4f1d9991f5acc0ca119f9d443620b77f9d6b33703e51011c16baf57afb285fc6"
            ],
            "markers": "platform_system == 'Windows'",
            "version": "==0.4.6"
        },
        "fastapi": {
            "hashes": [
                "sha256:8c77515984cd8e8cfeb58364f8cc7a28f0692088475e2614f7bf03275eba9093",
                "sha256:b978095b9ee01a5cf49b19f4bc1ac9b8ca83aa076e770ef8fd9af09a2b88d191"
            ],
            "index": "pypi",
            "markers": "python_version >= '3.8'",
            "version": "==0.109.0"
        },
        "h11": {
            "hashes": [
                "sha256:4e35b956cf45792e4caa5885e69fba00bdbc6ffafbfa020300e549b208ee5ff1",
                "sha256:63cf8bbe7522de3bf65932fda1d9c2772064ffb3dae62d55932da54b31cb6c86"
            ],
            "markers": "python_version >= '3.8'",
            "version": "==0.16.0"
        },
        "idna": {
            "hashes": [
                "sha256:771a87f49d9defaf64091e6e6fe9c18d4833f140bd19464795bc32d966ca37ea",
                "sha256:795dafcc9c04ed0c1fb032c2aa73654d8e8c5023a7df64a53f39190ada629902"
            ],
            "markers": "python_version >= '3.8'",
            "version": "==3.11"
        },
        "mypy": {
            "hashes": [
                "sha256:088cd9c7904b4ad80bec811053272986611b84221835e079be5bcad029e79dd9",
                "sha256:0aadfb2d3935988ec3815952e44058a3100499f5be5b28c34ac9d79f002a4a9a",
                "sha256:119bed3832d961f3a880787bf621634ba042cb8dc850a7429f643508eeac97b9",
                "sha256:1a85e280d4d217150ce8cb1a6dddffd14e753a4e0c3cf90baabb32cefa41b59e",
                "sha256:3c4b8ca36877fc75339253721f69603a9c7fdb5d4d5a95a1a1b899d8b86a4de2",
                "sha256:3e382b29f8e0ccf19a2df2b29a167591245df90c0b5a2542249873b5c1d78212",
                "sha256:42c266ced41b65ed40a282c575705325fa7991af370036d3f134518336636f5b",
                "sha256:53fd2eb27a8ee2892614370896956af2ff61254c275aaee4c230ae771cadd885",
                "sha256:704098302473cb31a218f1775a873b376b30b4c18229421e9e9dc8916fd16150",
                "sha256:7df1ead20c81371ccd6091fa3e2878559b5c4d4caadaf1a484cf88d93ca06703",
                "sha256:866c41f28cee548475f146aa4d39a51cf3b6a84246969f3759cb3e9c742fc072",
                "sha256:a155d80ea6cee511a3694b108c4494a39f42de11ee4e61e72bc424c490e46457",
                "sha256:adaeee09bfde366d2c13fe6093a7df5df83c9a2ba98638c7d76b010694db760e",
                "sha256:b6fb13123aeef4a3abbcfd7e71773ff3ff1526a7d3dc538f3929a49b42be03f0",
                "sha256:b94e4b785e304a04ea0828759172a15add27088520dc7e49ceade7834275bedb",
                "sha256:c0df2d30ed496a08de5daed2a9ea807d07c21ae0ab23acf541ab88c24b26ab97",
                "sha256:c6c2602dffb74867498f86e6129fd52a2770c48b7cd3ece77ada4fa38f94eba8",
                "sha256:ceb6e0a6e27fb364fb3853389607cf7eb3a126ad335790fa1e14ed02fba50811",
                "sha256:d9dd839eb0dc1bbe866a288ba3c1afc33a202015d2ad83b31e875b5905a079b6",
                "sha256:e4dab234478e3bd3ce83bac4193b2ecd9cf94e720ddd95ce69840273bf44f6de",
                "sha256:ec4e0cd079db280b6bdabdc807047ff3e199f334050db5cbb91ba3e959a67504",
                "sha256:ecd2c3fe726758037234c93df7e98deb257fd15c24c9180dacf1ef829da5f921",
                "sha256:ef565033fa5a958e62796867b1df10c40263ea9ded87164d67572834e57a174d"
            ],
            "index": "pypi",
            "markers": "python_version >= '3.5'",
            "version": "==0.910"
        },
        "mypy-extensions": {
            "hashes": [
                "sha256:c8b707883a96efe9b4bb3aaf0dcc07e7e217d7d8368eec4db4049ee9e142f4fd"
            ],
            "markers": "python_version >= '2.7'",
            "version": "==0.4.4"
        },
        "peewee": {
            "hashes": [
                "sha256:94d8eb7fc2b8d97d6216382bf5961239645dc9e2473b0e732eb6c79c920c4768"
            ],
            "index": "pypi",
            "version": "==3.15.2"
        },
        "pillow": {
            "hashes": [
                "sha256:02f84dfad02693676692746df05b89cf25597560db2857363a208e393429f5e9",
                "sha256:0330d233c1a0ead844fc097a7d16c0abff4c12e856c0b325f231820fee1f39da",
                "sha256:03edcc34d688572014ff223c125a3f77fb08091e4607e7745002fc214070b35f",
                "sha256:097690ba1f2efdeb165a20469d59d8bb03c55fb6621eb2041a060ae8ea3e9642",
                "sha256:178aa072084bd88ec759052feca8e56cbb14a60b39322b99a049e58090479713",
                "sha256:18e5bddd742a44b7e6b1e773ab5db102bd7a94c32555ba656e76d319d19c3850",
                "sha256:1a9b0ee305220b392e1124a764ee4265bd063e54a751a6b62eff69992f457fa9",
                "sha256:1f1625b72740fdda5d77b4def688eb8fd6490975d06b909fd19f13f391e077e0",
                "sha256:1f1be78ce9466a7ee64bfda57bdba0f7cc499d9794d518b854816c41bf0aa4e9",
                "sha256:1f90cff8aa76835cba5769f0b3121a22bd4eb9e6884cfe338216e557a9a548b8",
                "sha256:21329ec8c96c6e979cd0dfd29406c40c1d52521a90544463057d2aaa937d66a6",
                "sha256:2815a87ab27848db0321fb78c7f0b2c8649dee134b7f2b80c6a45c6831d75ccd",
                "sha256:2c1fc0f2ca5f96a3c8407e41cca26a16e46b21060fe6d5b099d2cb01412222f5",
                "sha256:2e0c664be47252947d870ac0d327fea7e63985a08794758aa8af5b6cb6ec0c9c",
                "sha256:339ffdcb7cbeaa08221cd401d517d4b1fe7a9ed5d400e4a8039719238620ca35",
                "sha256:344cf1e3dab3be4b1fa08e449323d98a2a3f819ad20f4b22e77a0ede31f0faa1",
                "sha256:36341d06738a9f66c8287cf8b876d24b18db9bd8740fa0672c74e259ad408cff",
                "sha256:365b10bb9417dd4498c0e3b128018c4a624dc11c7b97d8cc54effe3b096f4c38",
                "sha256:3a5cbdcddad0af3da87cb16b60d23648bc3b51967eb07223e9fed77a82b457c4",
                "sha256:417423db963cb4be8bac3fc1204fe61610f6abeed1580a7a2cbb2fbda20f12af",
                "sha256:42fc1f4677106188ad9a55562bbade416f8b55456f522430fadab3cef7cd4e60",
                "sha256:44ce27545b6efcf0fdbdceb31c9a5bdea9333e664cda58a7e674bb74608b3986",
                "sha256:472a8d7ded663e6162dafdf20015c486a7009483ca671cece7a9279b512fcb13",
                "sha256:47b94983da0c642de92ced1702c5b6c292a84bd3a8e1d1702ff923f183594717",
                "sha256:495c302af3aad1ca67420ddd5c7bd480c8867ad173528767d906428057a11f0e",
                "sha256:4ceb838d4bd9dab43e06c363cab2eebf63846d6a4aeaea283bbdfd8f1a8ed58b",
                "sha256:50480dcd74fa63b8e78235957d302d98d98d82ccbfac4c7e12108ba9ecbdba15",
                "sha256:518a48c2aab7ce596d3bf79d0e275661b846e86e4d0e7dec34712c30fe07f02a",
                "sha256:559b38da23606e68681337ad74622c4dbba02254fc9cb4488a305dd5975c7eeb",
                "sha256:578510d88c6229d735855e1f278aa305270438d36a05031dfaae5067cc8eb04d",
                "sha256:597bd9c8419bc7c6af5604e55847789b69123bbe25d65cc6ad3012b4f3c98d8b",
                "sha256:5a8eb7ed8d4198bccbd07058416eeec51686b498e784eda166395a23eb99138e",
                "sha256:5c0dd1636633e7e6a0afe7bf6a51a14992b7f8e60de5789018ebbdfae55b040a",
                "sha256:5cb1785d97b0c3d1d1a16bc1d710c4a0049daefc4935f3a8f31f827f4d3d2e7f",
                "sha256:5d1f9575a12bed9e9eedd9a4972834b08c97a352bd17955ccdebfeca5913fa0a",
                "sha256:5d8c41325b382c07799a3682c1c258469ea2ff97103c53717b7893862d0c98ce",
                "sha256:5dae5f21afb91322f2ff791895ddd8889e5e947ff59f71b46041c8ce6db790bc",
                "sha256:600fd103672b925fe62ed08e0d874ea34d692474df6f4bf7ebe148b30f89f39f",
                "sha256:6408a7b064595afcab0a49393a413732a35788f2a5092fdc6266952ed67de586",
                "sha256:652a2c9ccfb556235b2b501a3a7cf3742148cd22e04b5625c5fe057ea3e3191f",
                "sha256:665e1b916b043cef294bc54d47bf02d87e13f769bc4bc5fa225a24b3a6c5aca9",
                "sha256:691ab2ac363b8217f7d31b3497108fb1f50faab2f75dfb03284ec2f217e87bf8",
                "sha256:6c52f062424c523d6c4db85518774cc3d50f5539dd6eed32b8f6229b26f24d40",
                "sha256:6c6db3b84c87d48d0088943bf33440e0c42370b99b1c2a7989216f7b42eede60",
                "sha256:7311c0a0dcadb89b36b7025dfd8326ecfa36964e29913074d47382706e516a7c",
                "sha256:7aac39bcf8d4770d089588a2e1dd111cbaa42df5a94be3114222057d68336bd0",
                "sha256:7b03048319bfc6170e93bd60728a1af51d3dd7704935feb228c4d4faab35d334",
                "sha256:7e7976bf1910a8116b523b9f9f58bf410f3e8aa330cd9a2bb2953f9266ab49af",
                "sha256:8089c852a56c2966cf18835db62d9b34fef7ba74c726ad943928d494fa7f4735",
                "sha256:86172b0831b82ce4f7877f280055892b31179e1576aa00d0df3bb1bbf8c3e524",
                "sha256:89b54027a766529136a06cfebeecb3a04900397a3590fd252160b888479517bf",
                "sha256:89c7e895002bbe49cdc5426150377cbbc04767d7547ed145473f496dfa40408b",
                "sha256:8b7e5304e34942bf62e15184219a7b5ad4ff7f3bb5cca4d984f37df1a0e1aee2",
                "sha256:8fd420ef0c52c88b5a035a0886f367748c72147b2b8f384c9d12656678dfdfa9",
                "sha256:98edb152429ab62a1818039744d8fbb3ccab98a7c29fc3d5fcef158f3f1f68b7",
                "sha256:99c1506ea77c11531d75e3a412832a13a71c7ebc8192ab9e4b2e355555920e3e",
                "sha256:9ad8fa5937ab05218e2b6a4cff30295ad35afd2f83ac592e68c0d871bb0fdbc4",
                "sha256:9f51079765661884a486727f0729d29054242f74b46186026582b4e4769918e4",
                "sha256:a003d7422449f6d1e3a34e3dd4110c22148336918ddbfc6a32581cd54b2e0b2b",
                "sha256:a0b1cd6232e2b618adcc54d9882e4e662a089d5768cd188f7c245b4c8c44a397",
                "sha256:a285e3eb7a5a45a2ff504e31f4a8d1b12ef62e84e5411c6804a42197c1cf586c",
                "sha256:a37691702ed687799de29a518d63d4682d9016932db66d4e90c345831b02fb4e",
                "sha256:a550ae29b95c6dc13cf69e2c9dc5747f814c54eeb2e32d683e5e93af56caa029",
                "sha256:ab174cd7d29a62dd139c44bf74b698039328f45cb03b4596c43473a46656b2f3",
                "sha256:ab323b787d6e18b3d91a72fc99b1a2c28651e4358749842b8f8dfacd28ef2052",
                "sha256:adebb5bee0f0af4909c30db0d890c773d1a92ffe83da908e2e9e720f8edf3984",
                "sha256:aee2810642b2898bb187ced9b349e95d2a7272930796e022efaf12e99dccd293",
                "sha256:af9a332e572978f0218686636610555ae3defd1633597be015ed50289a03c523",
                "sha256:b574c51cf7d5d62e9be37ba446224b59a2da26dc4c1bb2ecbe936a4fb1a7cb7f",
                "sha256:b66e95d05ba806247aaa1561f080abc7975daf715c30780ff92a20e4ec546e1b",
                "sha256:b81b5e3511211631b3f672a595e3221252c90af017e399056d0faabb9538aa80",
                "sha256:b957b71c6b2387610f556a7eb0828afbe40b4a98036fc0d2acfa5a44a0c2036f",
                "sha256:bb66b7cc26f50977108790e2456b7921e773f23db5630261102233eb355a3b79",
                "sha256:c6008de247150668a705a6338156efb92334113421ceecf7438a12c9a12dab23",
                "sha256:c7697918b5be27424e9ce568193efd13d925c4481dd364e43f5dff72d33e10f8",
                "sha256:cb9bb857b2d057c6dfc72ac5f3b44836924ba15721882ef103cecb40d002d80e",
                "sha256:cc7d296b5ea4d29e6570dabeaed58d31c3fea35a633a69679fb03d7664f43fb3",
                "sha256:d242e8ac078781f1de88bf823d70c1a9b3c7950a44cdf4b7c012e22ccbcd8e4e",
                "sha256:d2912fd8114fc5545aa3a4b5576512f64c55a03f3ebcca4c10194d593d43ea36",
                "sha256:d470ab1178551dd17fdba0fef463359c41aaa613cdcd7ff8373f54be629f9f8f",
                "sha256:d4ce8e329c93845720cd2014659ca67eac35f6433fd3050393d85f3ecef0dad5",
                "sha256:d6e4571eedf43af33d0fc233a382a76e849badbccdf1ac438841308652a08e1f",
                "sha256:e65498daf4b583091ccbb2556c7000abf0f3349fcd57ef7adc9a84a394ed29f6",
                "sha256:e879bb6cd5c73848ef3b2b48b8af9ff08c5b71ecda8048b7dd22d8a33f60be32",
                "sha256:e9e8064fb1cc019296958595f6db671fba95209e3ceb0c4734c9baf97de04b20",
                "sha256:f7ed2c6543bad5a7d5530eb9e78c53132f93dfa44a28492db88b41cdab885202",
                "sha256:f95c00d5d6700b2b890479664a06e754974848afaae5e21beb4d83c106923fd0",
                "sha256:f975aa7ef9684ce7e2c18a3aa8f8e2106ce1e46b94ab713d156b2898811651d3",
                "sha256:fbfa2a7c10cc2623f412753cddf391c7f971c52ca40a3f65dc5039b2939e8563",
                "sha256:fc354a04072b765eccf2204f588a7a532c9511e8b9c7f900e1b64e3e33487090",
                "sha256:fc44ef1f3de4f45b50ccf9136999d71abb99dca7706bc75d222ed350b9fd2289"
            ],
            "markers": "python_version >= '3.10'",
            "version": "==12.1.1"
        },
        "pyaes": {
            "hashes": [
                "sha256:02c1b1405c38d3c370b085fb952dd8bea3fadcee6411ad99f312cc129c536d8f"
            ],
            "index": "pypi",
            "version": "==1.6.1"
        },
        "pydantic": {
            "hashes": [
                "sha256:4d351024c75c0f085a9febbb665ce8c0c6ec5d30e903bdb6394b7ede26aebb49",
                "sha256:e561593fccf61e8a20fc46dfc2dfe075b8be7d0188df33f221ad1f0139180f9d"
            ],
            "markers": "python_version >= '3.9'",
            "version": "==2.12.5"
        },
        "pydantic-core": {
            "hashes": [
                "sha256:0177272f88ab8312479336e1d777f6b124537d47f2123f89cb37e0accea97f90",
                "sha256:01a3d0ab748ee531f4ea6c3e48ad9dac84ddba4b0d82291f87248f2f9de8d740",
                "sha256:0384e2e1021894b1ff5a786dbf94771e2986ebe2869533874d7e43bc79c6f504",
                "sha256:03b77d184b9eb40240ae9fd676ca364ce1085f203e1b1256f8ab9984dca80a84",
                "sha256:03ca43e12fab6023fc79d28ca6b39b05f794ad08ec2feccc59a339b02f2b3d33",
                "sha256:05a2c8852530ad2812cb7914dc61a1125dc4e06252ee98e5638a12da6cc6fb6c",
                "sha256:070259a8818988b9a84a449a2a7337c7f430a22acc0859c6b110aa7212a6d9c0",
                "sha256:08daa51ea16ad373ffd5e7606252cc32f07bc72b28284b6bc9c6df804816476e",
                "sha256:0cbaad15cb0c90aa221d43c00e77bb33c93e8d36e0bf74760cd00e732d10a6a0",
                "sha256:100baa204bb412b74fe285fb0f3a385256dad1d1879f0a5cb1499ed2e83d132a",
                "sha256:112e305c3314f40c93998e567879e887a3160bb8689ef3d2c04b6cc62c33ac34",
                "sha256:16f80f7abe3351f8ea6858914ddc8c77e02578544a0ebc15b4c2e1a0e813b0b2",
                "sha256:1746d4a3d9a794cacae06a5eaaccb4b8643a131d45fbc9af23e353dc0a5ba5c3",
                "sha256:1962293292865bca8e54702b08a4f26da73adc83dd1fcf26fbc875b35d81c815",
                "sha256:1d1d9764366c73f996edd17abb6d9d7649a7eb690006ab6adbda117717099b14",
                "sha256:1f8d33a7f4d5a7889e60dc39856d76d09333d8a6ed0f5f1190635cbec70ec4ba",
                "sha256:22f0fb8c1c583a3b6f24df2470833b40207e907b90c928cc8d3594b76f874375",
                "sha256:239edca560d05757817c13dc17c50766136d21f7cd0fac50295499ae24f90fdf",
                "sha256:242a206cd0318f95cd21bdacff3fcc3aab23e79bba5cac3db5a841c9ef9c6963",
                "sha256:25e1c2af0fce638d5f1988b686f3b3ea8cd7de5f244ca147c777769e798a9cd1",
                "sha256:266fb4cbf5e3cbd0b53669a6d1b039c45e3ce651fd5442eff4d07c2cc8d66808",
                "sha256:2782c870e99878c634505236d81e5443092fba820f0373997ff75f90f68cd553",
                "sha256:287dad91cfb551c363dc62899a80e9e14da1f0e2b6ebde82c806612ca2a13ef1",
                "sha256:29452c56df2ed968d18d7e21f4ab0ac55e71dc59524872f6fc57dcf4a3249ed2",
                "sha256:299e0a22e7ae2b85c1a57f104538b2656e8ab1873511fd718a1c1c6f149b77b5",
                "sha256:2a5e06546e19f24c6a96a129142a75cee553cc018ffee48a460059b1185f4470",
                "sha256:2b761d210c9ea91feda40d25b4efe82a1707da2ef62901466a42492c028553a2",
                "sha256:2c010c6ded393148374c0f6f0bf89d206bf3217f201faa0635dcd56bd1520f6b",
                "sha256:2ff4321e56e879ee8d2a879501c8e469414d948f4aba74a2d4593184eb326660",
                "sha256:3006c3dd9ba34b0c094c544c6006cc79e87d8612999f1a5d43b769b89181f23c",
                "sha256:33cb885e759a705b426baada1fe68cbb0a2e68e34c5d0d0289a364cf01709093",
                "sha256:346285d28e4c8017da95144c7f3acd42740d637ff41946af5ce6e5e420502dd5",
                "sha256:34a64bc3441dc1213096a20fe27e8e128bd3ff89921706e83c0b1ac971276594",
                "sha256:35b44f37a3199f771c3eaa53051bc8a70cd7b54f333531c59e29fd4db5d15008",
                "sha256:378bec5c66998815d224c9ca994f1e14c0c21cb95d2f52b6021cc0b2a58f2a5a",
                "sha256:3f37a19d7ebcdd20b96485056ba9e8b304e27d9904d233d7b1015db320e51f0a",
                "sha256:3f84d5c1b4ab906093bdc1ff10484838aca54ef08de4afa9de0f5f14d69639cd",
                "sha256:4009935984bd36bd2c774e13f9a09563ce8de4abaa7226f5108262fa3e637284",
                "sha256:406bf18d345822d6c21366031003612b9c77b3e29ffdb0f612367352aab7d586",
                "sha256:4819fa52133c9aa3c387b3328f25c1facc356491e6135b459f1de698ff64d869",
                "sha256:482c982f814460eabe1d3bb0adfdc583387bd4691ef00b90575ca0d2b6fe2294",
                "sha256:4bc36bbc0b7584de96561184ad7f012478987882ebf9f9c389b23f432ea3d90f",
                "sha256:506d766a8727beef16b7adaeb8ee6217c64fc813646b424d0804d67c16eddb66",
                "sha256:56121965f7a4dc965bff783d70b907ddf3d57f6eba29b6d2e5dabfaf07799c51",
                "sha256:58133647260ea01e4d0500089a8c4f07bd7aa6ce109682b1426394988d8aaacc",
                "sha256:5921a4d3ca3aee735d9fd163808f5e8dd6c6972101e4adbda9a4667908849b97",
                "sha256:5a4e67afbc95fa5c34cf27d9089bca7fcab4e51e57278d710320a70b956d1b9a",
                "sha256:5cb1b2f9742240e4bb26b652a5aeb840aa4b417c7748b6f8387927bc6e45e40d",
                "sha256:62de39db01b8d593e45871af2af9e497295db8d73b085f6bfd0b18c83c70a8f9",
                "sha256:634e8609e89ceecea15e2d61bc9ac3718caaaa71963717bf3c8f38bfde64242c",
                "sha256:63510af5e38f8955b8ee5687740d6ebf7c2a0886d15a6d65c32814613681bc07",
                "sha256:650ae77860b45cfa6e2cdafc42618ceafab3a2d9a3811fcfbd3bbf8ac3c40d36",
                "sha256:6561e94ba9dacc9c61bce40e2d6bdc3bfaa0259d3ff36ace3b1e6901936d2e3e",
                "sha256:65840751b72fbfd82c3c640cff9284545342a4f1eb1586ad0636955b261b0b05",
                "sha256:6cb58b9c66f7e4179a2d5e0f849c48eff5c1fca560994d6eb6543abf955a149e",
                "sha256:6f52298fbd394f9ed112d56f3d11aabd0d5bd27beb3084cc3d8ad069483b8941",
                "sha256:707625ef0983fcfb461acfaf14de2067c5942c6bb0f3b4c99158bed6fedd3cf3",
                "sha256:72f6c8b11857a856bcfa48c86f5368439f74453563f951e473514579d44aa612",
                "sha256:753e230374206729bf0a807954bcc6c150d3743928a73faffee51ac6557a03c3",
                "sha256:76d0819de158cd855d1cbb8fcafdf6f5cf1eb8e470abe056d5d161106e38062b",
                "sha256:76ee27c6e9c7f16f47db7a94157112a2f3a00e958bc626e2f4ee8bec5c328fbe",
                "sha256:77b63866ca88d804225eaa4af3e664c5faf3568cea95360d21f4725ab6e07146",
                "sha256:79ec52ec461e99e13791ec6508c722742ad745571f234ea6255bed38c6480f11",
                "sha256:7b93a4d08587e2b7e7882de461e82b6ed76d9026ce91ca7915e740ecc7855f60",
                "sha256:7da7087d756b19037bc2c06edc6c170eeef3c3bafcb8f532ff17d64dc427adfd",
                "sha256:7f3bf998340c6d4b0c9a2f02d6a400e51f123b59565d74dc60d252ce888c260b",
                "sha256:80aa89cad80b32a912a65332f64a4450ed00966111b6615ca6816153d3585a8c",
                "sha256:8566def80554c3faa0e65ac30ab0932b9e3a5cd7f8323764303d468e5c37595a",
                "sha256:873e0d5b4fb9b89ef7c2d2a963ea7d02879d9da0da8d9d4933dee8ee86a8b460",
                "sha256:88942d3a3dff3afc8288c21e565e476fc278902ae4d6d134f1eeda118cc830b1",
                "sha256:8bfeaf8735be79f225f3fefab7f941c712aaca36f1128c9d7e2352ee1aa87bdf",
                "sha256:8e7c86f27c585ef37c35e56a96363ab8de4e549a95512445b85c96d3e2f7c1bf",
                "sha256:915c3d10f81bec3a74fbd4faebe8391013ba61e5a1a8d48c4455b923bdda7858",
                "sha256:93e8740d7503eb008aa2df04d3b9735f845d43ae845e6dcd2be0b55a2da43cd2",
                "sha256:941103c9be18ac8daf7b7adca8228f8ed6bb7a1849020f643b3a14d15b1924d9",
                "sha256:97aeba56665b4c3235a0e52b2c2f5ae9cd071b8a8310ad27bddb3f7fb30e9aa2",
                "sha256:a39455728aabd58ceabb03c90e12f71fd30fa69615760a075b9fec596456ccc3",
                "sha256:a3a52f6156e73e7ccb0f8cced536adccb7042be67cb45f9562e12b319c119da6",
                "sha256:a668ce24de96165bb239160b3d854943128f4334822900534f2fe947930e5770",
                "sha256:a75dafbf87d6276ddc5b2bf6fae5254e3d0876b626eb24969a574fff9149ee5d",
                "sha256:aabf5777b5c8ca26f7824cb4a120a740c9588ed58df9b2d196ce92fba42ff8dc",
                "sha256:aec5cf2fd867b4ff45b9959f8b20ea3993fc93e63c7363fe6851424c8a7e7c23",
                "sha256:b2379fa7ed44ddecb5bfe4e48577d752db9fc10be00a6b7446e9663ba143de26",
                "sha256:b4ececa40ac28afa90871c2cc2b9ffd2ff0bf749380fbdf57d165fd23da353aa",
                "sha256:b5819cd790dbf0c5eb9f82c73c16b39a65dd6dd4d1439dcdea7816ec9adddab8",
                "sha256:b74557b16e390ec12dca509bce9264c3bbd128f8a2c376eaa68003d7f327276d",
                "sha256:b80aa5095cd3109962a298ce14110ae16b8c1aece8b72f9dafe81cf597ad80b3",
                "sha256:b93590ae81f7010dbe380cdeab6f515902ebcbefe0b9327cc4804d74e93ae69d",
                "sha256:b96d5f26b05d03cc60f11a7761a5ded1741da411e7fe0909e27a5e6a0cb7b034",
                "sha256:bd3d54f38609ff308209bd43acea66061494157703364ae40c951f83ba99a1a9",
                "sha256:bfea2a5f0b4d8d43adf9d7b8bf019fb46fdd10a2e5cde477fbcb9d1fa08c68e1",
                "sha256:c007fe8a43d43b3969e8469004e9845944f1a80e6acd47c150856bb87f230c56",
                "sha256:c1df3d34aced70add6f867a8cf413e299177e0c22660cc767218373d0779487b",
                "sha256:c23e27686783f60290e36827f9c626e63154b82b116d7fe9adba1fda36da706c",
                "sha256:c8d8b4eb992936023be7dee581270af5c6e0697a8559895f527f5b7105ecd36a",
                "sha256:c9e19dd6e28fdcaa5a1de679aec4141f691023916427ef9bae8584f9c2fb3b0e",
                "sha256:d0d2568a8c11bf8225044aa94409e21da0cb09dcdafe9ecd10250b2baad531a9",
                "sha256:d38548150c39b74aeeb0ce8ee1d8e82696f4a4e16ddc6de7b1d8823f7de4b9b5",
                "sha256:d3a978c4f57a597908b7e697229d996d77a6d3c94901e9edee593adada95ce1a",
                "sha256:d5160812ea7a8a2ffbe233d8da666880cad0cbaf5d4de74ae15c313213d62556",
                "sha256:dc799088c08fa04e43144b164feb0c13f9a0bc40503f8df3e9fde58a3c0c101e",
                "sha256:df3959765b553b9440adfd3c795617c352154e497a4eaf3752555cfb5da8fc49",
                "sha256:dfa8a0c812ac681395907e71e1274819dec685fec28273a28905df579ef137e2",
                "sha256:e25c479382d26a2a41b7ebea1043564a937db462816ea07afa8a44c0866d52f9",
                "sha256:e4f4a984405e91527a0d62649ee21138f8e3d0ef103be488c1dc11a80d7f184b",
                "sha256:e536c98a7626a98feb2d3eaf75944ef6f3dbee447e1f841eae16f2f0a72d8ddc",
                "sha256:e56ba91f47764cc14f1daacd723e3e82d1a89d783f0f5afe9c364b8bb491ccdb",
                "sha256:e672ba74fbc2dc8eea59fb6d4aed6845e6905fc2a8afe93175d94a83ba2a01a0",
                "sha256:e7b576130c69225432866fe2f4a469a85a54ade141d96fd396dffcf607b558f8",
                "sha256:e8465ab91a4bd96d36dde3263f06caa6a8a6019e4113f24dc753d79a8b3a3f82",
                "sha256:e96cea19e34778f8d59fe40775a7a574d95816eb150850a85a7a4c8f4b94ac69",
                "sha256:ece5c59f0ce7d001e017643d8d24da587ea1f74f6993467d85ae8a5ef9d4f42b",
                "sha256:eceb81a8d74f9267ef4081e246ffd6d129da5d87e37a77c9bde550cb04870c1c",
                "sha256:ed2e99c456e3fadd05c991f8f437ef902e00eedf34320ba2b0842bd1c3ca3a75",
                "sha256:f0cd744688278965817fd0839c4a4116add48d23890d468bc436f78beb28abf5",
                "sha256:f14f8f046c14563f8eb3f45f499cc658ab8d10072961e07225e507adb700e93f",
                "sha256:f15489ba13d61f670dcc96772e733aad1a6f9c429cc27574c6cdaed82d0146ad",
                "sha256:f31d95a179f8d64d90f6831d71fa93290893a33148d890ba15de25642c5d075b",
                "sha256:f41a7489d32336dbf2199c8c0a215390a751c5b014c2c1c5366e817202e9cdf7",
                "sha256:f41eb9797986d6ebac5e8edff36d5cef9de40def462311b3eb3eeded1431e425",
                "sha256:f547144f2966e1e16ae626d8ce72b4cfa0caedc7fa28052001c94fb2fcaa1c52"
            ],
            "markers": "python_version >= '3.9'",
            "version": "==2.41.5"
        },
        "pyjwt": {
            "hashes": [
                "sha256:57e28d156e3d5c10088e0c68abb90bfac3df82b40a71bd0daa20c65ccd5c23de",
                "sha256:59127c392cc44c2da5bb3192169a91f429924e17aff6534d70fdc02ab3e04320"
            ],
            "index": "pypi",
            "markers": "python_version >= '3.7'",
            "version": "==2.8.0"
        },
        "pymysql": {
            "hashes": [
                "sha256:4de15da4c61dc132f4fb9ab763063e693d521a80fd0e87943b9a453dd4c19d6c",
                "sha256:e127611aaf2b417403c60bf4dc570124aeb4a57f5f37b8e95ae399a42f904cd0"
            ],
            "index": "pypi",
            "markers": "python_version >= '3.7'",
            "version": "==1.1.1"
        },
        "python-dotenv": {
            "hashes": [
                "sha256:b7e3b04a59693c42c36f9ab1cc2acc46fa5df8c78e178fc33a8d4cd05c8d498f",
                "sha256:d92a187be61fe482e4fd675b6d52200e7be63a12b724abbf931a40ce4fa92938"
            ],
            "index": "pypi",
            "markers": "python_version >= '3.5'",
            "version": "==0.20.0"
        },
        "redis": {
            "hashes": [
                "sha256:0dab495cd5753069d3bc650a0dde8a8f9edde16fc5691b689a566eda58100d0f",
                "sha256:ed4802971884ae19d640775ba3b03aa2e7bd5e8fb8dfaed2decce4d0fc48391f"
            ],
            "index": "pypi",
            "markers": "python_version >= '3.7'",
            "version": "==5.0.1"
        },
        "starlette": {
            "hashes": [
                "sha256:3e2639dac3520e4f58734ed22553f950d3f3cb1001cd2eaac4d57e8cdc5f66bc",
                "sha256:50bbbda9baa098e361f398fda0928062abbaf1f54f4fadcbe17c092a01eb9a25"
            ],
            "markers": "python_version >= '3.8'",
            "version": "==0.35.1"
        },
        "toml": {
            "hashes": [
                "sha256:806143ae5bfb6a3c6e736a764057db0e6a0e05e338b5630894a5f779cabb4f9b",
                "sha256:b3bda1d108d5dd99f4a20d24d9c348e91c4db7ab1b749200bded2f839ccbe68f"
            ],
            "markers": "python_version >= '2.6' and python_version not in '3.0, 3.1, 3.2'",
            "version": "==0.10.2"
        },
        "typing-extensions": {
            "hashes": [
                "sha256:0cea48d173cc12fa28ecabc3b837ea3cf6f38c6d1136f85cbaaf598984861466",
                "sha256:f0fa19c6845758ab08074a0cfa8b7aecb71c999ca73d62883bc25cc018c4e548"
            ],
            "markers": "python_version >= '3.9'",
            "version": "==4.15.0"
        },
        "typing-inspection": {
            "hashes": [
                "sha256:4ed1cacbdc298c220f1bd249ed5287caa16f34d44ef4e9c3d0cbad5b521545e7",
                "sha256:ba561c48a67c5958007083d386c3295464928b01faa735ab8547c5692e87f464"
            ],
            "markers": "python_version >= '3.9'",
            "version": "==0.4.2"
        },
        "uvicorn": {
            "hashes": [
                "sha256:17f898c64c71a2640514d4089da2689e5db1ce5d4086c2d53699bf99513421c1",
                "sha256:d9a3c0dd1ca86728d3e235182683b4cf94cd53a867c288eaeca80ee781b2caff"
            ],
            "index": "pypi",
            "version": "==0.15.0"
        }
    },
    "develop": {}
}
